
Microsoft Visual Studio Solution File, Format Version 12.00
# Visual Studio 2012
Project("{FAE04EC0-301F-11D3-BF4B-00C04F79EFBC}") = "SWEGR.UI", "SWEGR.UI\SWEGR.UI.csproj", "{AA91D3B8-AD71-4CCF-B7B1-EC4AF581A202}"
EndProject
Project("{FAE04EC0-301F-11D3-BF4B-00C04F79EFBC}") = "SWEGR.BL.BC", "SWEGR.BL.BC\SWEGR.BL.BC.csproj", "{12249278-697D-4F86-83EF-BB77A427ED24}"
EndProject
Project("{FAE04EC0-301F-11D3-BF4B-00C04F79EFBC}") = "SWEGR.BL.BE", "SWEGR.BL.BE\SWEGR.BL.BE.csproj", "{2A6B5696-9559-420D-8A93-A02FF487182F}"
EndProject
Project("{FAE04EC0-301F-11D3-BF4B-00C04F79EFBC}") = "SWEGR.DL.DALC", "SWEGR.DL.DALC\SWEGR.DL.DALC.csproj", "{3498234C-E749-4CB5-8A70-015D170D8125}"
EndProject
Global
	GlobalSection(SolutionConfigurationPlatforms) = preSolution
		Debug|Any CPU = Debug|Any CPU
		Release|Any CPU = Release|Any CPU
	EndGlobalSection
	GlobalSection(ProjectConfigurationPlatforms) = postSolution
		{AA91D3B8-AD71-4CCF-B7B1-EC4AF581A202}.Debug|Any CPU.ActiveCfg = Debug|Any CPU
		{AA91D3B8-AD71-4CCF-B7B1-EC4AF581A202}.Debug|Any CPU.Build.0 = Debug|Any CPU
		{AA91D3B8-AD71-4CCF-B7B1-EC4AF581A202}.Release|Any CPU.ActiveCfg = Release|Any CPU
		{AA91D3B8-AD71-4CCF-B7B1-EC4AF581A202}.Release|Any CPU.Build.0 = Release|Any CPU
		{12249278-697D-4F86-83EF-BB77A427ED24}.Debug|Any CPU.ActiveCfg = Debug|Any CPU
		{12249278-697D-4F86-83EF-BB77A427ED24}.Debug|Any CPU.Build.0 = Debug|Any CPU
		{12249278-697D-4F86-83EF-BB77A427ED24}.Release|Any CPU.ActiveCfg = Release|Any CPU
		{12249278-697D-4F86-83EF-BB77A427ED24}.Release|Any CPU.Build.0 = Release|Any CPU
		{2A6B5696-9559-420D-8A93-A02FF487182F}.Debug|Any CPU.ActiveCfg = Debug|Any CPU
		{2A6B5696-9559-420D-8A93-A02FF487182F}.Debug|Any CPU.Build.0 = Debug|Any CPU
		{2A6B5696-9559-420D-8A93-A02FF487182F}.Release|Any CPU.ActiveCfg = Release|Any CPU
		{2A6B5696-9559-420D-8A93-A02FF487182F}.Release|Any CPU.Build.0 = Release|Any CPU
		{3498234C-E749-4CB5-8A70-015D170D8125}.Debug|Any CPU.ActiveCfg = Debug|Any CPU
		{3498234C-E749-4CB5-8A70-015D170D8125}.Debug|Any CPU.Build.0 = Debug|Any CPU
		{3498234C-E749-4CB5-8A70-015D170D8125}.Release|Any CPU.ActiveCfg = Release|Any CPU
		{3498234C-E749-4CB5-8A70-015D170D8125}.Release|Any CPU.Build.0 = Release|Any CPU
	EndGlobalSection
	GlobalSection(SolutionProperties) = preSolution
		HideSolutionNode = FALSE
	EndGlobalSection
EndGlobal
